
Microsoft Visual Studio Solution File, Format Version 12.00
# Visual Studio Version 17
VisualStudioVersion = 17.3.32929.385
MinimumVisualStudioVersion = 10.0.40219.1
Project("{8BC9CEB8-8B4A-11D0-8D11-00A0C91BC942}") = "ls", "ls\ls.vcxproj", "{96C0C770-C64C-4381-AAFC-CE09193AF0E2}"
	ProjectSection(ProjectDependencies) = postProject
		{7A2693F9-D9E3-43B4-ABB0-AE4D95E02717} = {7A2693F9-D9E3-43B4-ABB0-AE4D95E02717}
	EndProjectSection
EndProject
Project("{8BC9CEB8-8B4A-11D0-8D11-00A0C91BC942}") = "kill", "kill\kill.vcxproj", "{0D112764-32AE-4932-951C-F5DB36C1DE0C}"
	ProjectSection(ProjectDependencies) = postProject
		{7A2693F9-D9E3-43B4-ABB0-AE4D95E02717} = {7A2693F9-D9E3-43B4-ABB0-AE4D95E02717}
	EndProjectSection
EndProject
Project("{8BC9CEB8-8B4A-11D0-8D11-00A0C91BC942}") = "waiter", "waiter\waiter.vcxproj", "{266F2921-E9F4-48B2-B1BF-1028230E3F0D}"
	ProjectSection(ProjectDependencies) = postProject
		{7A2693F9-D9E3-43B4-ABB0-AE4D95E02717} = {7A2693F9-D9E3-43B4-ABB0-AE4D95E02717}
	EndProjectSection
EndProject
Project("{8BC9CEB8-8B4A-11D0-8D11-00A0C91BC942}") = "BUILD_ALL", "BUILD_ALL\BUILD_ALL.vcxproj", "{42232352-1705-4D98-93B9-6AE39BEEA079}"
	ProjectSection(ProjectDependencies) = postProject
		{0D112764-32AE-4932-951C-F5DB36C1DE0C} = {0D112764-32AE-4932-951C-F5DB36C1DE0C}
		{266F2921-E9F4-48B2-B1BF-1028230E3F0D} = {266F2921-E9F4-48B2-B1BF-1028230E3F0D}
		{7A2693F9-D9E3-43B4-ABB0-AE4D95E02717} = {7A2693F9-D9E3-43B4-ABB0-AE4D95E02717}
		{96C0C770-C64C-4381-AAFC-CE09193AF0E2} = {96C0C770-C64C-4381-AAFC-CE09193AF0E2}
		{D2E5CF9C-BDAA-4504-99CB-0F67602CBFEC} = {D2E5CF9C-BDAA-4504-99CB-0F67602CBFEC}
		{D73DEAF5-848A-495F-8CA9-43236EE671FD} = {D73DEAF5-848A-495F-8CA9-43236EE671FD}
	EndProjectSection
EndProject
Project("{8BC9CEB8-8B4A-11D0-8D11-00A0C91BC942}") = "CoreTests", "CoreTests\CoreTests.vcxproj", "{D73DEAF5-848A-495F-8CA9-43236EE671FD}"
EndProject
Project("{8BC9CEB8-8B4A-11D0-8D11-00A0C91BC942}") = "messager", "messager\messager.vcxproj", "{D2E5CF9C-BDAA-4504-99CB-0F67602CBFEC}"
EndProject
Project("{8BC9CEB8-8B4A-11D0-8D11-00A0C91BC942}") = "core", "core\core.vcxproj", "{7A2693F9-D9E3-43B4-ABB0-AE4D95E02717}"
EndProject
Global
	GlobalSection(SolutionConfigurationPlatforms) = preSolution
		Debug|x64 = Debug|x64
		Debug|x86 = Debug|x86
		Release|x64 = Release|x64
		Release|x86 = Release|x86
	EndGlobalSection
	GlobalSection(ProjectConfigurationPlatforms) = postSolution
		{96C0C770-C64C-4381-AAFC-CE09193AF0E2}.Debug|x64.ActiveCfg = Debug|x64
		{96C0C770-C64C-4381-AAFC-CE09193AF0E2}.Debug|x64.Build.0 = Debug|x64
		{96C0C770-C64C-4381-AAFC-CE09193AF0E2}.Debug|x86.ActiveCfg = Debug|Win32
		{96C0C770-C64C-4381-AAFC-CE09193AF0E2}.Debug|x86.Build.0 = Debug|Win32
		{96C0C770-C64C-4381-AAFC-CE09193AF0E2}.Release|x64.ActiveCfg = Release|x64
		{96C0C770-C64C-4381-AAFC-CE09193AF0E2}.Release|x64.Build.0 = Release|x64
		{96C0C770-C64C-4381-AAFC-CE09193AF0E2}.Release|x86.ActiveCfg = Release|Win32
		{96C0C770-C64C-4381-AAFC-CE09193AF0E2}.Release|x86.Build.0 = Release|Win32
		{0D112764-32AE-4932-951C-F5DB36C1DE0C}.Debug|x64.ActiveCfg = Debug|x64
		{0D112764-32AE-4932-951C-F5DB36C1DE0C}.Debug|x64.Build.0 = Debug|x64
		{0D112764-32AE-4932-951C-F5DB36C1DE0C}.Debug|x86.ActiveCfg = Debug|Win32
		{0D112764-32AE-4932-951C-F5DB36C1DE0C}.Debug|x86.Build.0 = Debug|Win32
		{0D112764-32AE-4932-951C-F5DB36C1DE0C}.Release|x64.ActiveCfg = Release|x64
		{0D112764-32AE-4932-951C-F5DB36C1DE0C}.Release|x64.Build.0 = Release|x64
		{0D112764-32AE-4932-951C-F5DB36C1DE0C}.Release|x86.ActiveCfg = Release|Win32
		{0D112764-32AE-4932-951C-F5DB36C1DE0C}.Release|x86.Build.0 = Release|Win32
		{266F2921-E9F4-48B2-B1BF-1028230E3F0D}.Debug|x64.ActiveCfg = Debug|x64
		{266F2921-E9F4-48B2-B1BF-1028230E3F0D}.Debug|x64.Build.0 = Debug|x64
		{266F2921-E9F4-48B2-B1BF-1028230E3F0D}.Debug|x86.ActiveCfg = Debug|Win32
		{266F2921-E9F4-48B2-B1BF-1028230E3F0D}.Debug|x86.Build.0 = Debug|Win32
		{266F2921-E9F4-48B2-B1BF-1028230E3F0D}.Release|x64.ActiveCfg = Release|x64
		{266F2921-E9F4-48B2-B1BF-1028230E3F0D}.Release|x64.Build.0 = Release|x64
		{266F2921-E9F4-48B2-B1BF-1028230E3F0D}.Release|x86.ActiveCfg = Release|Win32
		{266F2921-E9F4-48B2-B1BF-1028230E3F0D}.Release|x86.Build.0 = Release|Win32
		{42232352-1705-4D98-93B9-6AE39BEEA079}.Debug|x64.ActiveCfg = Debug|x64
		{42232352-1705-4D98-93B9-6AE39BEEA079}.Debug|x64.Build.0 = Debug|x64
		{42232352-1705-4D98-93B9-6AE39BEEA079}.Debug|x86.ActiveCfg = Debug|Win32
		{42232352-1705-4D98-93B9-6AE39BEEA079}.Debug|x86.Build.0 = Debug|Win32
		{42232352-1705-4D98-93B9-6AE39BEEA079}.Release|x64.ActiveCfg = Release|x64
		{42232352-1705-4D98-93B9-6AE39BEEA079}.Release|x64.Build.0 = Release|x64
		{42232352-1705-4D98-93B9-6AE39BEEA079}.Release|x86.ActiveCfg = Release|Win32
		{42232352-1705-4D98-93B9-6AE39BEEA079}.Release|x86.Build.0 = Release|Win32
		{D73DEAF5-848A-495F-8CA9-43236EE671FD}.Debug|x64.ActiveCfg = Debug|x64
		{D73DEAF5-848A-495F-8CA9-43236EE671FD}.Debug|x64.Build.0 = Debug|x64
		{D73DEAF5-848A-495F-8CA9-43236EE671FD}.Debug|x86.ActiveCfg = Debug|Win32
		{D73DEAF5-848A-495F-8CA9-43236EE671FD}.Debug|x86.Build.0 = Debug|Win32
		{D73DEAF5-848A-495F-8CA9-43236EE671FD}.Release|x64.ActiveCfg = Release|x64
		{D73DEAF5-848A-495F-8CA9-43236EE671FD}.Release|x64.Build.0 = Release|x64
		{D73DEAF5-848A-495F-8CA9-43236EE671FD}.Release|x86.ActiveCfg = Release|Win32
		{D73DEAF5-848A-495F-8CA9-43236EE671FD}.Release|x86.Build.0 = Release|Win32
		{D2E5CF9C-BDAA-4504-99CB-0F67602CBFEC}.Debug|x64.ActiveCfg = Debug|x64
		{D2E5CF9C-BDAA-4504-99CB-0F67602CBFEC}.Debug|x64.Build.0 = Debug|x64
		{D2E5CF9C-BDAA-4504-99CB-0F67602CBFEC}.Debug|x86.ActiveCfg = Debug|Win32
		{D2E5CF9C-BDAA-4504-99CB-0F67602CBFEC}.Debug|x86.Build.0 = Debug|Win32
		{D2E5CF9C-BDAA-4504-99CB-0F67602CBFEC}.Release|x64.ActiveCfg = Release|x64
		{D2E5CF9C-BDAA-4504-99CB-0F67602CBFEC}.Release|x64.Build.0 = Release|x64
		{D2E5CF9C-BDAA-4504-99CB-0F67602CBFEC}.Release|x86.ActiveCfg = Release|Win32
		{D2E5CF9C-BDAA-4504-99CB-0F67602CBFEC}.Release|x86.Build.0 = Release|Win32
		{7A2693F9-D9E3-43B4-ABB0-AE4D95E02717}.Debug|x64.ActiveCfg = Debug|x64
		{7A2693F9-D9E3-43B4-ABB0-AE4D95E02717}.Debug|x64.Build.0 = Debug|x64
		{7A2693F9-D9E3-43B4-ABB0-AE4D95E02717}.Debug|x86.ActiveCfg = Debug|Win32
		{7A2693F9-D9E3-43B4-ABB0-AE4D95E02717}.Debug|x86.Build.0 = Debug|Win32
		{7A2693F9-D9E3-43B4-ABB0-AE4D95E02717}.Release|x64.ActiveCfg = Release|x64
		{7A2693F9-D9E3-43B4-ABB0-AE4D95E02717}.Release|x64.Build.0 = Release|x64
		{7A2693F9-D9E3-43B4-ABB0-AE4D95E02717}.Release|x86.ActiveCfg = Release|Win32
		{7A2693F9-D9E3-43B4-ABB0-AE4D95E02717}.Release|x86.Build.0 = Release|Win32
	EndGlobalSection
	GlobalSection(SolutionProperties) = preSolution
		HideSolutionNode = FALSE
	EndGlobalSection
	GlobalSection(ExtensibilityGlobals) = postSolution
		SolutionGuid = {38F618C4-36F9-49DB-AB92-79C4EE08EE99}
	EndGlobalSection
EndGlobal
